
Microsoft Visual Studio Solution File, Format Version 12.00
# Visual Studio Version 17
VisualStudioVersion = 17.14.36518.9 d17.14
MinimumVisualStudioVersion = 10.0.40219.1
Project("{888888A0-9F3D-457C-B088-3A5042F75D52}") = "HolaMundo", "HolaMundo.pyproj", "{C268B42F-A727-4507-93AE-2E7E136A0624}"
EndProject
Global
	GlobalSection(SolutionConfigurationPlatforms) = preSolution
		Debug|Any CPU = Debug|Any CPU
		Release|Any CPU = Release|Any CPU
	EndGlobalSection
	GlobalSection(ProjectConfigurationPlatforms) = postSolution
		{C268B42F-A727-4507-93AE-2E7E136A0624}.Debug|Any CPU.ActiveCfg = Debug|Any CPU
		{C268B42F-A727-4507-93AE-2E7E136A0624}.Release|Any CPU.ActiveCfg = Release|Any CPU
	EndGlobalSection
	GlobalSection(SolutionProperties) = preSolution
		HideSolutionNode = FALSE
	EndGlobalSection
	GlobalSection(ExtensibilityGlobals) = postSolution
		SolutionGuid = {B5C27E13-2FC3-43BD-AB92-ECAD8C0790E4}
	EndGlobalSection
EndGlobal
